
Microsoft Visual Studio Solution File, Format Version 12.00
# Visual Studio Version 17
VisualStudioVersion = 17.9.34714.143
MinimumVisualStudioVersion = 10.0.40219.1
Project("{FAE04EC0-301F-11D3-BF4B-00C04F79EFBC}") = "Search_Weather", "Search_Weather.csproj", "{1AA9F97D-C360-405A-A6C1-98E40A7D80F0}"
EndProject
Global
	GlobalSection(SolutionConfigurationPlatforms) = preSolution
		Debug|Any CPU = Debug|Any CPU
		Release|Any CPU = Release|Any CPU
	EndGlobalSection
	GlobalSection(ProjectConfigurationPlatforms) = postSolution
		{1AA9F97D-C360-405A-A6C1-98E40A7D80F0}.Debug|Any CPU.ActiveCfg = Debug|Any CPU
		{1AA9F97D-C360-405A-A6C1-98E40A7D80F0}.Debug|Any CPU.Build.0 = Debug|Any CPU
		{1AA9F97D-C360-405A-A6C1-98E40A7D80F0}.Release|Any CPU.ActiveCfg = Release|Any CPU
		{1AA9F97D-C360-405A-A6C1-98E40A7D80F0}.Release|Any CPU.Build.0 = Release|Any CPU
	EndGlobalSection
	GlobalSection(SolutionProperties) = preSolution
		HideSolutionNode = FALSE
	EndGlobalSection
	GlobalSection(ExtensibilityGlobals) = postSolution
		SolutionGuid = {68CDD539-EEEE-4F9A-BB55-7861697CB6C4}
	EndGlobalSection
EndGlobal
